// !$*UTF8*$!
{
	archiveVersion = 1;
	classes = {
	};
	objectVersion = 51;
	objects = {

/* Begin PBXBuildFile section */
		041204ED2374D2F700FF8880 /* StringInterpolation+Helpers.swift in Sources */ = {isa = PBXBuildFile; fileRef = 041204EC2374D2F700FF8880 /* StringInterpolation+Helpers.swift */; };
		043005DF2374CD2900198F13 /* ImageStore.swift in Sources */ = {isa = PBXBuildFile; fileRef = 043005DE2374CD2900198F13 /* ImageStore.swift */; };
		0448974F237346AF00EE16C0 /* Protocol.swift in Sources */ = {isa = PBXBuildFile; fileRef = 0448974E237346AF00EE16C0 /* Protocol.swift */; };
		04489753237346DB00EE16C0 /* Configuration.swift in Sources */ = {isa = PBXBuildFile; fileRef = 04489752237346DB00EE16C0 /* Configuration.swift */; };
		044897552373478100EE16C0 /* NetworkError.swift in Sources */ = {isa = PBXBuildFile; fileRef = 044897542373478100EE16C0 /* NetworkError.swift */; };
		044897592373488800EE16C0 /* Network.swift in Sources */ = {isa = PBXBuildFile; fileRef = 044897582373488800EE16C0 /* Network.swift */; };
		0448975C2373493800EE16C0 /* UserResult.swift in Sources */ = {isa = PBXBuildFile; fileRef = 0448975B2373493800EE16C0 /* UserResult.swift */; };
		0448975F23734A4600EE16C0 /* RandomUsers+Fetch.swift in Sources */ = {isa = PBXBuildFile; fileRef = 0448975E23734A4600EE16C0 /* RandomUsers+Fetch.swift */; };
		0448976223734C3300EE16C0 /* UserListTVC.swift in Sources */ = {isa = PBXBuildFile; fileRef = 0448976123734C3300EE16C0 /* UserListTVC.swift */; };
		045421052375E10500D9FBCA /* Details.storyboard in Resources */ = {isa = PBXBuildFile; fileRef = 045421042375E10500D9FBCA /* Details.storyboard */; };
		045421072375E14A00D9FBCA /* DetailsVC.swift in Sources */ = {isa = PBXBuildFile; fileRef = 045421062375E14A00D9FBCA /* DetailsVC.swift */; };
		046D9E4923749B960057F98B /* UserListCell.swift in Sources */ = {isa = PBXBuildFile; fileRef = 046D9E4723749B960057F98B /* UserListCell.swift */; };
		046D9E4A23749B960057F98B /* UserListCell.xib in Resources */ = {isa = PBXBuildFile; fileRef = 046D9E4823749B960057F98B /* UserListCell.xib */; };
		0479B76B2372127D00DEE393 /* AppDelegate.swift in Sources */ = {isa = PBXBuildFile; fileRef = 0479B76A2372127D00DEE393 /* AppDelegate.swift */; };
		0479B7702372127D00DEE393 /* Main.storyboard in Resources */ = {isa = PBXBuildFile; fileRef = 0479B76E2372127D00DEE393 /* Main.storyboard */; };
		0479B7722372127F00DEE393 /* Assets.xcassets in Resources */ = {isa = PBXBuildFile; fileRef = 0479B7712372127F00DEE393 /* Assets.xcassets */; };
		0479B7752372127F00DEE393 /* LaunchScreen.storyboard in Resources */ = {isa = PBXBuildFile; fileRef = 0479B7732372127F00DEE393 /* LaunchScreen.storyboard */; };
		04C6F915237629C70076B499 /* MailComposer.swift in Sources */ = {isa = PBXBuildFile; fileRef = 04C6F914237629C70076B499 /* MailComposer.swift */; };
		04F2F0282375E2DF00BDD7F7 /* UIView+LayoutHelpers.swift in Sources */ = {isa = PBXBuildFile; fileRef = 04F2F0272375E2DF00BDD7F7 /* UIView+LayoutHelpers.swift */; };
		04F2F02A2375E2F300BDD7F7 /* UIStackView+LayoutHelpers.swift in Sources */ = {isa = PBXBuildFile; fileRef = 04F2F0292375E2F300BDD7F7 /* UIStackView+LayoutHelpers.swift */; };
		04F2F02C2375E39600BDD7F7 /* UserDetailView.swift in Sources */ = {isa = PBXBuildFile; fileRef = 04F2F02B2375E39600BDD7F7 /* UserDetailView.swift */; };
		04F2F02F2375E5EF00BDD7F7 /* Creatable.swift in Sources */ = {isa = PBXBuildFile; fileRef = 04F2F02E2375E5EF00BDD7F7 /* Creatable.swift */; };
		04F3DD3E2375F206002A5041 /* UIImage+CachedOrFetch.swift in Sources */ = {isa = PBXBuildFile; fileRef = 04F3DD3D2375F206002A5041 /* UIImage+CachedOrFetch.swift */; };
		04F3DD402375F219002A5041 /* UIImageView+GetImage.swift in Sources */ = {isa = PBXBuildFile; fileRef = 04F3DD3F2375F219002A5041 /* UIImageView+GetImage.swift */; };
		9A934935FCA3B71811504F11 /* Pods_SPRandomUser.framework in Frameworks */ = {isa = PBXBuildFile; fileRef = AFC6E016B2C4A994B162FAEC /* Pods_SPRandomUser.framework */; };
/* End PBXBuildFile section */

/* Begin PBXFileReference section */
		041204EC2374D2F700FF8880 /* StringInterpolation+Helpers.swift */ = {isa = PBXFileReference; lastKnownFileType = sourcecode.swift; path = "StringInterpolation+Helpers.swift"; sourceTree = "<group>"; };
		043005DE2374CD2900198F13 /* ImageStore.swift */ = {isa = PBXFileReference; lastKnownFileType = sourcecode.swift; path = ImageStore.swift; sourceTree = "<group>"; };
		0448974E237346AF00EE16C0 /* Protocol.swift */ = {isa = PBXFileReference; lastKnownFileType = sourcecode.swift; path = Protocol.swift; sourceTree = "<group>"; };
		04489752237346DB00EE16C0 /* Configuration.swift */ = {isa = PBXFileReference; lastKnownFileType = sourcecode.swift; path = Configuration.swift; sourceTree = "<group>"; };
		044897542373478100EE16C0 /* NetworkError.swift */ = {isa = PBXFileReference; lastKnownFileType = sourcecode.swift; path = NetworkError.swift; sourceTree = "<group>"; };
		044897582373488800EE16C0 /* Network.swift */ = {isa = PBXFileReference; lastKnownFileType = sourcecode.swift; path = Network.swift; sourceTree = "<group>"; };
		0448975B2373493800EE16C0 /* UserResult.swift */ = {isa = PBXFileReference; lastKnownFileType = sourcecode.swift; path = UserResult.swift; sourceTree = "<group>"; };
		0448975E23734A4600EE16C0 /* RandomUsers+Fetch.swift */ = {isa = PBXFileReference; lastKnownFileType = sourcecode.swift; path = "RandomUsers+Fetch.swift"; sourceTree = "<group>"; };
		0448976123734C3300EE16C0 /* UserListTVC.swift */ = {isa = PBXFileReference; lastKnownFileType = sourcecode.swift; path = UserListTVC.swift; sourceTree = "<group>"; };
		045421042375E10500D9FBCA /* Details.storyboard */ = {isa = PBXFileReference; lastKnownFileType = file.storyboard; path = Details.storyboard; sourceTree = "<group>"; };
		045421062375E14A00D9FBCA /* DetailsVC.swift */ = {isa = PBXFileReference; lastKnownFileType = sourcecode.swift; path = DetailsVC.swift; sourceTree = "<group>"; };
		046D9E4723749B960057F98B /* UserListCell.swift */ = {isa = PBXFileReference; lastKnownFileType = sourcecode.swift; path = UserListCell.swift; sourceTree = "<group>"; };
		046D9E4823749B960057F98B /* UserListCell.xib */ = {isa = PBXFileReference; lastKnownFileType = file.xib; path = UserListCell.xib; sourceTree = "<group>"; };
		0479B7672372127D00DEE393 /* SPRandomUser.app */ = {isa = PBXFileReference; explicitFileType = wrapper.application; includeInIndex = 0; path = SPRandomUser.app; sourceTree = BUILT_PRODUCTS_DIR; };
		0479B76A2372127D00DEE393 /* AppDelegate.swift */ = {isa = PBXFileReference; lastKnownFileType = sourcecode.swift; path = AppDelegate.swift; sourceTree = "<group>"; };
		0479B76F2372127D00DEE393 /* Base */ = {isa = PBXFileReference; lastKnownFileType = file.storyboard; name = Base; path = Base.lproj/Main.storyboard; sourceTree = "<group>"; };
		0479B7712372127F00DEE393 /* Assets.xcassets */ = {isa = PBXFileReference; lastKnownFileType = folder.assetcatalog; path = Assets.xcassets; sourceTree = "<group>"; };
		0479B7742372127F00DEE393 /* Base */ = {isa = PBXFileReference; lastKnownFileType = file.storyboard; name = Base; path = Base.lproj/LaunchScreen.storyboard; sourceTree = "<group>"; };
		0479B7762372127F00DEE393 /* Info.plist */ = {isa = PBXFileReference; lastKnownFileType = text.plist.xml; path = Info.plist; sourceTree = "<group>"; };
		04C6F914237629C70076B499 /* MailComposer.swift */ = {isa = PBXFileReference; lastKnownFileType = sourcecode.swift; path = MailComposer.swift; sourceTree = "<group>"; };
		04F2F0272375E2DF00BDD7F7 /* UIView+LayoutHelpers.swift */ = {isa = PBXFileReference; lastKnownFileType = sourcecode.swift; path = "UIView+LayoutHelpers.swift"; sourceTree = "<group>"; };
		04F2F0292375E2F300BDD7F7 /* UIStackView+LayoutHelpers.swift */ = {isa = PBXFileReference; lastKnownFileType = sourcecode.swift; path = "UIStackView+LayoutHelpers.swift"; sourceTree = "<group>"; };
		04F2F02B2375E39600BDD7F7 /* UserDetailView.swift */ = {isa = PBXFileReference; lastKnownFileType = sourcecode.swift; path = UserDetailView.swift; sourceTree = "<group>"; };
		04F2F02E2375E5EF00BDD7F7 /* Creatable.swift */ = {isa = PBXFileReference; lastKnownFileType = sourcecode.swift; path = Creatable.swift; sourceTree = "<group>"; };
		04F3DD3D2375F206002A5041 /* UIImage+CachedOrFetch.swift */ = {isa = PBXFileReference; lastKnownFileType = sourcecode.swift; path = "UIImage+CachedOrFetch.swift"; sourceTree = "<group>"; };
		04F3DD3F2375F219002A5041 /* UIImageView+GetImage.swift */ = {isa = PBXFileReference; lastKnownFileType = sourcecode.swift; path = "UIImageView+GetImage.swift"; sourceTree = "<group>"; };
		917D252174AB34904EB70114 /* Pods-SPRandomUser.release.xcconfig */ = {isa = PBXFileReference; includeInIndex = 1; lastKnownFileType = text.xcconfig; name = "Pods-SPRandomUser.release.xcconfig"; path = "Target Support Files/Pods-SPRandomUser/Pods-SPRandomUser.release.xcconfig"; sourceTree = "<group>"; };
		A61705D4BAB76D1B8CA86FAA /* Pods-SPRandomUser.debug.xcconfig */ = {isa = PBXFileReference; includeInIndex = 1; lastKnownFileType = text.xcconfig; name = "Pods-SPRandomUser.debug.xcconfig"; path = "Target Support Files/Pods-SPRandomUser/Pods-SPRandomUser.debug.xcconfig"; sourceTree = "<group>"; };
		AFC6E016B2C4A994B162FAEC /* Pods_SPRandomUser.framework */ = {isa = PBXFileReference; explicitFileType = wrapper.framework; includeInIndex = 0; path = Pods_SPRandomUser.framework; sourceTree = BUILT_PRODUCTS_DIR; };
/* End PBXFileReference section */

/* Begin PBXFrameworksBuildPhase section */
		0479B7642372127D00DEE393 /* Frameworks */ = {
			isa = PBXFrameworksBuildPhase;
			buildActionMask = 2147483647;
			files = (
				9A934935FCA3B71811504F11 /* Pods_SPRandomUser.framework in Frameworks */,
			);
			runOnlyForDeploymentPostprocessing = 0;
		};
/* End PBXFrameworksBuildPhase section */

/* Begin PBXGroup section */
		043005E02374CD4E00198F13 /* Utilities */ = {
			isa = PBXGroup;
			children = (
				043005E32374CE7700198F13 /* Heleprs */,
				043005E42374CE8700198F13 /* Extensions */,
			);
			path = Utilities;
			sourceTree = "<group>";
		};
		043005E32374CE7700198F13 /* Heleprs */ = {
			isa = PBXGroup;
			children = (
				043005DE2374CD2900198F13 /* ImageStore.swift */,
				04F2F02E2375E5EF00BDD7F7 /* Creatable.swift */,
				04C6F914237629C70076B499 /* MailComposer.swift */,
			);
			path = Heleprs;
			sourceTree = "<group>";
		};
		043005E42374CE8700198F13 /* Extensions */ = {
			isa = PBXGroup;
			children = (
				04F3DD3D2375F206002A5041 /* UIImage+CachedOrFetch.swift */,
				04F3DD3F2375F219002A5041 /* UIImageView+GetImage.swift */,
				041204EC2374D2F700FF8880 /* StringInterpolation+Helpers.swift */,
				04F2F0272375E2DF00BDD7F7 /* UIView+LayoutHelpers.swift */,
				04F2F0292375E2F300BDD7F7 /* UIStackView+LayoutHelpers.swift */,
			);
			path = Extensions;
			sourceTree = "<group>";
		};
		04489756237347AB00EE16C0 /* Backend */ = {
			isa = PBXGroup;
			children = (
				0448974E237346AF00EE16C0 /* Protocol.swift */,
				044897582373488800EE16C0 /* Network.swift */,
				0448975D23734A2B00EE16C0 /* API */,
				04489757237347D300EE16C0 /* Network Utils */,
			);
			path = Backend;
			sourceTree = "<group>";
		};
		04489757237347D300EE16C0 /* Network Utils */ = {
			isa = PBXGroup;
			children = (
				04489752237346DB00EE16C0 /* Configuration.swift */,
				044897542373478100EE16C0 /* NetworkError.swift */,
			);
			path = "Network Utils";
			sourceTree = "<group>";
		};
		0448975A2373491700EE16C0 /* Model */ = {
			isa = PBXGroup;
			children = (
				0448975B2373493800EE16C0 /* UserResult.swift */,
			);
			path = Model;
			sourceTree = "<group>";
		};
		0448975D23734A2B00EE16C0 /* API */ = {
			isa = PBXGroup;
			children = (
				0448975E23734A4600EE16C0 /* RandomUsers+Fetch.swift */,
			);
			path = API;
			sourceTree = "<group>";
		};
		0448976023734BF600EE16C0 /* Controller */ = {
			isa = PBXGroup;
			children = (
				04F2F0242375E1FA00BDD7F7 /* UserList */,
				04F2F0262375E22600BDD7F7 /* Details */,
			);
			path = Controller;
			sourceTree = "<group>";
		};
		0479B75E2372127D00DEE393 = {
			isa = PBXGroup;
			children = (
				0479B7692372127D00DEE393 /* SPRandomUser */,
				0479B7682372127D00DEE393 /* Products */,
				674FC258C10CAA35199D1DBF /* Pods */,
				C23BF07B2A742C74869E8C6C /* Frameworks */,
			);
			sourceTree = "<group>";
		};
		0479B7682372127D00DEE393 /* Products */ = {
			isa = PBXGroup;
			children = (
				0479B7672372127D00DEE393 /* SPRandomUser.app */,
			);
			name = Products;
			sourceTree = "<group>";
		};
		0479B7692372127D00DEE393 /* SPRandomUser */ = {
			isa = PBXGroup;
			children = (
				0479B76A2372127D00DEE393 /* AppDelegate.swift */,
				0479B7732372127F00DEE393 /* LaunchScreen.storyboard */,
				0479B76E2372127D00DEE393 /* Main.storyboard */,
				04489756237347AB00EE16C0 /* Backend */,
				0448975A2373491700EE16C0 /* Model */,
				0448976023734BF600EE16C0 /* Controller */,
				043005E02374CD4E00198F13 /* Utilities */,
				0479B7712372127F00DEE393 /* Assets.xcassets */,
				0479B7762372127F00DEE393 /* Info.plist */,
			);
			path = SPRandomUser;
			sourceTree = "<group>";
		};
		04F2F0242375E1FA00BDD7F7 /* UserList */ = {
			isa = PBXGroup;
			children = (
				0448976123734C3300EE16C0 /* UserListTVC.swift */,
				04F2F0252375E21000BDD7F7 /* Cell */,
			);
			path = UserList;
			sourceTree = "<group>";
		};
		04F2F0252375E21000BDD7F7 /* Cell */ = {
			isa = PBXGroup;
			children = (
				046D9E4723749B960057F98B /* UserListCell.swift */,
				046D9E4823749B960057F98B /* UserListCell.xib */,
			);
			path = Cell;
			sourceTree = "<group>";
		};
		04F2F0262375E22600BDD7F7 /* Details */ = {
			isa = PBXGroup;
			children = (
				045421062375E14A00D9FBCA /* DetailsVC.swift */,
				045421042375E10500D9FBCA /* Details.storyboard */,
				04F2F02D2375E3A900BDD7F7 /* Components */,
			);
			path = Details;
			sourceTree = "<group>";
		};
		04F2F02D2375E3A900BDD7F7 /* Components */ = {
			isa = PBXGroup;
			children = (
				04F2F02B2375E39600BDD7F7 /* UserDetailView.swift */,
			);
			path = Components;
			sourceTree = "<group>";
		};
		674FC258C10CAA35199D1DBF /* Pods */ = {
			isa = PBXGroup;
			children = (
				A61705D4BAB76D1B8CA86FAA /* Pods-SPRandomUser.debug.xcconfig */,
				917D252174AB34904EB70114 /* Pods-SPRandomUser.release.xcconfig */,
			);
			path = Pods;
			sourceTree = "<group>";
		};
		C23BF07B2A742C74869E8C6C /* Frameworks */ = {
			isa = PBXGroup;
			children = (
				AFC6E016B2C4A994B162FAEC /* Pods_SPRandomUser.framework */,
			);
			name = Frameworks;
			sourceTree = "<group>";
		};
/* End PBXGroup section */

/* Begin PBXNativeTarget section */
		0479B7662372127D00DEE393 /* SPRandomUser */ = {
			isa = PBXNativeTarget;
			buildConfigurationList = 0479B7792372127F00DEE393 /* Build configuration list for PBXNativeTarget "SPRandomUser" */;
			buildPhases = (
				D331FBD2820A7E681EFD9988 /* [CP] Check Pods Manifest.lock */,
				0479B7632372127D00DEE393 /* Sources */,
				0479B7642372127D00DEE393 /* Frameworks */,
				0479B7652372127D00DEE393 /* Resources */,
				C5B616910FF71189FC98B63D /* [CP] Embed Pods Frameworks */,
			);
			buildRules = (
			);
			dependencies = (
			);
			name = SPRandomUser;
			productName = SPRandomUser;
			productReference = 0479B7672372127D00DEE393 /* SPRandomUser.app */;
			productType = "com.apple.product-type.application";
		};
/* End PBXNativeTarget section */

/* Begin PBXProject section */
		0479B75F2372127D00DEE393 /* Project object */ = {
			isa = PBXProject;
			attributes = {
				LastSwiftUpdateCheck = 1030;
				LastUpgradeCheck = 1030;
				ORGANIZATIONNAME = "Mihailo Rancic";
				TargetAttributes = {
					0479B7662372127D00DEE393 = {
						CreatedOnToolsVersion = 10.3;
					};
				};
			};
			buildConfigurationList = 0479B7622372127D00DEE393 /* Build configuration list for PBXProject "SPRandomUser" */;
			compatibilityVersion = "Xcode 9.3";
			developmentRegion = en;
			hasScannedForEncodings = 0;
			knownRegions = (
				en,
				Base,
			);
			mainGroup = 0479B75E2372127D00DEE393;
			productRefGroup = 0479B7682372127D00DEE393 /* Products */;
			projectDirPath = "";
			projectRoot = "";
			targets = (
				0479B7662372127D00DEE393 /* SPRandomUser */,
			);
		};
/* End PBXProject section */

/* Begin PBXResourcesBuildPhase section */
		0479B7652372127D00DEE393 /* Resources */ = {
			isa = PBXResourcesBuildPhase;
			buildActionMask = 2147483647;
			files = (
				045421052375E10500D9FBCA /* Details.storyboard in Resources */,
				046D9E4A23749B960057F98B /* UserListCell.xib in Resources */,
				0479B7752372127F00DEE393 /* LaunchScreen.storyboard in Resources */,
				0479B7722372127F00DEE393 /* Assets.xcassets in Resources */,
				0479B7702372127D00DEE393 /* Main.storyboard in Resources */,
			);
			runOnlyForDeploymentPostprocessing = 0;
		};
/* End PBXResourcesBuildPhase section */

/* Begin PBXShellScriptBuildPhase section */
		C5B616910FF71189FC98B63D /* [CP] Embed Pods Frameworks */ = {
			isa = PBXShellScriptBuildPhase;
			buildActionMask = 2147483647;
			files = (
			);
			inputFileListPaths = (
				"${PODS_ROOT}/Target Support Files/Pods-SPRandomUser/Pods-SPRandomUser-frameworks-${CONFIGURATION}-input-files.xcfilelist",
			);
			name = "[CP] Embed Pods Frameworks";
			outputFileListPaths = (
				"${PODS_ROOT}/Target Support Files/Pods-SPRandomUser/Pods-SPRandomUser-frameworks-${CONFIGURATION}-output-files.xcfilelist",
			);
			runOnlyForDeploymentPostprocessing = 0;
			shellPath = /bin/sh;
			shellScript = "\"${PODS_ROOT}/Target Support Files/Pods-SPRandomUser/Pods-SPRandomUser-frameworks.sh\"\n";
			showEnvVarsInLog = 0;
		};
		D331FBD2820A7E681EFD9988 /* [CP] Check Pods Manifest.lock */ = {
			isa = PBXShellScriptBuildPhase;
			buildActionMask = 2147483647;
			files = (
			);
			inputFileListPaths = (
			);
			inputPaths = (
				"${PODS_PODFILE_DIR_PATH}/Podfile.lock",
				"${PODS_ROOT}/Manifest.lock",
			);
			name = "[CP] Check Pods Manifest.lock";
			outputFileListPaths = (
			);
			outputPaths = (
				"$(DERIVED_FILE_DIR)/Pods-SPRandomUser-checkManifestLockResult.txt",
			);
			runOnlyForDeploymentPostprocessing = 0;
			shellPath = /bin/sh;
			shellScript = "diff \"${PODS_PODFILE_DIR_PATH}/Podfile.lock\" \"${PODS_ROOT}/Manifest.lock\" > /dev/null\nif [ $? != 0 ] ; then\n    # print error to STDERR\n    echo \"error: The sandbox is not in sync with the Podfile.lock. Run 'pod install' or update your CocoaPods installation.\" >&2\n    exit 1\nfi\n# This output is used by Xcode 'outputs' to avoid re-running this script phase.\necho \"SUCCESS\" > \"${SCRIPT_OUTPUT_FILE_0}\"\n";
			showEnvVarsInLog = 0;
		};
/* End PBXShellScriptBuildPhase section */

/* Begin PBXSourcesBuildPhase section */
		0479B7632372127D00DEE393 /* Sources */ = {
			isa = PBXSourcesBuildPhase;
			buildActionMask = 2147483647;
			files = (
				043005DF2374CD2900198F13 /* ImageStore.swift in Sources */,
				046D9E4923749B960057F98B /* UserListCell.swift in Sources */,
				0479B76B2372127D00DEE393 /* AppDelegate.swift in Sources */,
				041204ED2374D2F700FF8880 /* StringInterpolation+Helpers.swift in Sources */,
				0448975F23734A4600EE16C0 /* RandomUsers+Fetch.swift in Sources */,
				044897592373488800EE16C0 /* Network.swift in Sources */,
				04489753237346DB00EE16C0 /* Configuration.swift in Sources */,
				0448974F237346AF00EE16C0 /* Protocol.swift in Sources */,
				0448975C2373493800EE16C0 /* UserResult.swift in Sources */,
				044897552373478100EE16C0 /* NetworkError.swift in Sources */,
				045421072375E14A00D9FBCA /* DetailsVC.swift in Sources */,
				04C6F915237629C70076B499 /* MailComposer.swift in Sources */,
				04F2F02C2375E39600BDD7F7 /* UserDetailView.swift in Sources */,
				04F2F0282375E2DF00BDD7F7 /* UIView+LayoutHelpers.swift in Sources */,
				0448976223734C3300EE16C0 /* UserListTVC.swift in Sources */,
				04F2F02F2375E5EF00BDD7F7 /* Creatable.swift in Sources */,
				04F2F02A2375E2F300BDD7F7 /* UIStackView+LayoutHelpers.swift in Sources */,
				04F3DD3E2375F206002A5041 /* UIImage+CachedOrFetch.swift in Sources */,
				04F3DD402375F219002A5041 /* UIImageView+GetImage.swift in Sources */,
			);
			runOnlyForDeploymentPostprocessing = 0;
		};
/* End PBXSourcesBuildPhase section */

/* Begin PBXVariantGroup section */
		0479B76E2372127D00DEE393 /* Main.storyboard */ = {
			isa = PBXVariantGroup;
			children = (
				0479B76F2372127D00DEE393 /* Base */,
			);
			name = Main.storyboard;
			sourceTree = "<group>";
		};
		0479B7732372127F00DEE393 /* LaunchScreen.storyboard */ = {
			isa = PBXVariantGroup;
			children = (
				0479B7742372127F00DEE393 /* Base */,
			);
			name = LaunchScreen.storyboard;
			sourceTree = "<group>";
		};
/* End PBXVariantGroup section */

/* Begin XCBuildConfiguration section */
		0479B7772372127F00DEE393 /* Debug */ = {
			isa = XCBuildConfiguration;
			buildSettings = {
				ALWAYS_SEARCH_USER_PATHS = NO;
				CLANG_ANALYZER_NONNULL = YES;
				CLANG_ANALYZER_NUMBER_OBJECT_CONVERSION = YES_AGGRESSIVE;
				CLANG_CXX_LANGUAGE_STANDARD = "gnu++14";
				CLANG_CXX_LIBRARY = "libc++";
				CLANG_ENABLE_MODULES = YES;
				CLANG_ENABLE_OBJC_ARC = YES;
				CLANG_ENABLE_OBJC_WEAK = YES;
				CLANG_WARN_BLOCK_CAPTURE_AUTORELEASING = YES;
				CLANG_WARN_BOOL_CONVERSION = YES;
				CLANG_WARN_COMMA = YES;
				CLANG_WARN_CONSTANT_CONVERSION = YES;
				CLANG_WARN_DEPRECATED_OBJC_IMPLEMENTATIONS = YES;
				CLANG_WARN_DIRECT_OBJC_ISA_USAGE = YES_ERROR;
				CLANG_WARN_DOCUMENTATION_COMMENTS = YES;
				CLANG_WARN_EMPTY_BODY = YES;
				CLANG_WARN_ENUM_CONVERSION = YES;
				CLANG_WARN_INFINITE_RECURSION = YES;
				CLANG_WARN_INT_CONVERSION = YES;
				CLANG_WARN_NON_LITERAL_NULL_CONVERSION = YES;
				CLANG_WARN_OBJC_IMPLICIT_RETAIN_SELF = YES;
				CLANG_WARN_OBJC_LITERAL_CONVERSION = YES;
				CLANG_WARN_OBJC_ROOT_CLASS = YES_ERROR;
				CLANG_WARN_RANGE_LOOP_ANALYSIS = YES;
				CLANG_WARN_STRICT_PROTOTYPES = YES;
				CLANG_WARN_SUSPICIOUS_MOVE = YES;
				CLANG_WARN_UNGUARDED_AVAILABILITY = YES_AGGRESSIVE;
				CLANG_WARN_UNREACHABLE_CODE = YES;
				CLANG_WARN__DUPLICATE_METHOD_MATCH = YES;
				CODE_SIGN_IDENTITY = "iPhone Developer";
				COPY_PHASE_STRIP = NO;
				DEBUG_INFORMATION_FORMAT = dwarf;
				ENABLE_STRICT_OBJC_MSGSEND = YES;
				ENABLE_TESTABILITY = YES;
				GCC_C_LANGUAGE_STANDARD = gnu11;
				GCC_DYNAMIC_NO_PIC = NO;
				GCC_NO_COMMON_BLOCKS = YES;
				GCC_OPTIMIZATION_LEVEL = 0;
				GCC_PREPROCESSOR_DEFINITIONS = (
					"DEBUG=1",
					"$(inherited)",
				);
				GCC_WARN_64_TO_32_BIT_CONVERSION = YES;
				GCC_WARN_ABOUT_RETURN_TYPE = YES_ERROR;
				GCC_WARN_UNDECLARED_SELECTOR = YES;
				GCC_WARN_UNINITIALIZED_AUTOS = YES_AGGRESSIVE;
				GCC_WARN_UNUSED_FUNCTION = YES;
				GCC_WARN_UNUSED_VARIABLE = YES;
				IPHONEOS_DEPLOYMENT_TARGET = 12.4;
				MTL_ENABLE_DEBUG_INFO = INCLUDE_SOURCE;
				MTL_FAST_MATH = YES;
				ONLY_ACTIVE_ARCH = YES;
				SDKROOT = iphoneos;
				SWIFT_ACTIVE_COMPILATION_CONDITIONS = DEBUG;
				SWIFT_OPTIMIZATION_LEVEL = "-Onone";
			};
			name = Debug;
		};
		0479B7782372127F00DEE393 /* Release */ = {
			isa = XCBuildConfiguration;
			buildSettings = {
				ALWAYS_SEARCH_USER_PATHS = NO;
				CLANG_ANALYZER_NONNULL = YES;
				CLANG_ANALYZER_NUMBER_OBJECT_CONVERSION = YES_AGGRESSIVE;
				CLANG_CXX_LANGUAGE_STANDARD = "gnu++14";
				CLANG_CXX_LIBRARY = "libc++";
				CLANG_ENABLE_MODULES = YES;
				CLANG_ENABLE_OBJC_ARC = YES;
				CLANG_ENABLE_OBJC_WEAK = YES;
				CLANG_WARN_BLOCK_CAPTURE_AUTORELEASING = YES;
				CLANG_WARN_BOOL_CONVERSION = YES;
				CLANG_WARN_COMMA = YES;
				CLANG_WARN_CONSTANT_CONVERSION = YES;
				CLANG_WARN_DEPRECATED_OBJC_IMPLEMENTATIONS = YES;
				CLANG_WARN_DIRECT_OBJC_ISA_USAGE = YES_ERROR;
				CLANG_WARN_DOCUMENTATION_COMMENTS = YES;
				CLANG_WARN_EMPTY_BODY = YES;
				CLANG_WARN_ENUM_CONVERSION = YES;
				CLANG_WARN_INFINITE_RECURSION = YES;
				CLANG_WARN_INT_CONVERSION = YES;
				CLANG_WARN_NON_LITERAL_NULL_CONVERSION = YES;
				CLANG_WARN_OBJC_IMPLICIT_RETAIN_SELF = YES;
				CLANG_WARN_OBJC_LITERAL_CONVERSION = YES;
				CLANG_WARN_OBJC_ROOT_CLASS = YES_ERROR;
				CLANG_WARN_RANGE_LOOP_ANALYSIS = YES;
				CLANG_WARN_STRICT_PROTOTYPES = YES;
				CLANG_WARN_SUSPICIOUS_MOVE = YES;
				CLANG_WARN_UNGUARDED_AVAILABILITY = YES_AGGRESSIVE;
				CLANG_WARN_UNREACHABLE_CODE = YES;
				CLANG_WARN__DUPLICATE_METHOD_MATCH = YES;
				CODE_SIGN_IDENTITY = "iPhone Developer";
				COPY_PHASE_STRIP = NO;
				DEBUG_INFORMATION_FORMAT = "dwarf-with-dsym";
				ENABLE_NS_ASSERTIONS = NO;
				ENABLE_STRICT_OBJC_MSGSEND = YES;
				GCC_C_LANGUAGE_STANDARD = gnu11;
				GCC_NO_COMMON_BLOCKS = YES;
				GCC_WARN_64_TO_32_BIT_CONVERSION = YES;
				GCC_WARN_ABOUT_RETURN_TYPE = YES_ERROR;
				GCC_WARN_UNDECLARED_SELECTOR = YES;
				GCC_WARN_UNINITIALIZED_AUTOS = YES_AGGRESSIVE;
				GCC_WARN_UNUSED_FUNCTION = YES;
				GCC_WARN_UNUSED_VARIABLE = YES;
				IPHONEOS_DEPLOYMENT_TARGET = 12.4;
				MTL_ENABLE_DEBUG_INFO = NO;
				MTL_FAST_MATH = YES;
				SDKROOT = iphoneos;
				SWIFT_COMPILATION_MODE = wholemodule;
				SWIFT_OPTIMIZATION_LEVEL = "-O";
				VALIDATE_PRODUCT = YES;
			};
			name = Release;
		};
		0479B77A2372127F00DEE393 /* Debug */ = {
			isa = XCBuildConfiguration;
			baseConfigurationReference = A61705D4BAB76D1B8CA86FAA /* Pods-SPRandomUser.debug.xcconfig */;
			buildSettings = {
				ASSETCATALOG_COMPILER_APPICON_NAME = AppIcon;
				CODE_SIGN_STYLE = Automatic;
				DEVELOPMENT_TEAM = SJ33RKEH23;
				INFOPLIST_FILE = SPRandomUser/Info.plist;
				LD_RUNPATH_SEARCH_PATHS = (
					"$(inherited)",
					"@executable_path/Frameworks",
				);
				PRODUCT_BUNDLE_IDENTIFIER = com.miha.SPRandomUser;
				PRODUCT_NAME = "$(TARGET_NAME)";
				SWIFT_VERSION = 5.0;
				TARGETED_DEVICE_FAMILY = "1,2";
			};
			name = Debug;
		};
		0479B77B2372127F00DEE393 /* Release */ = {
			isa = XCBuildConfiguration;
			baseConfigurationReference = 917D252174AB34904EB70114 /* Pods-SPRandomUser.release.xcconfig */;
			buildSettings = {
				ASSETCATALOG_COMPILER_APPICON_NAME = AppIcon;
				CODE_SIGN_STYLE = Automatic;
				DEVELOPMENT_TEAM = SJ33RKEH23;
				INFOPLIST_FILE = SPRandomUser/Info.plist;
				LD_RUNPATH_SEARCH_PATHS = (
					"$(inherited)",
					"@executable_path/Frameworks",
				);
				PRODUCT_BUNDLE_IDENTIFIER = com.miha.SPRandomUser;
				PRODUCT_NAME = "$(TARGET_NAME)";
				SWIFT_VERSION = 5.0;
				TARGETED_DEVICE_FAMILY = "1,2";
			};
			name = Release;
		};
/* End XCBuildConfiguration section */

/* Begin XCConfigurationList section */
		0479B7622372127D00DEE393 /* Build configuration list for PBXProject "SPRandomUser" */ = {
			isa = XCConfigurationList;
			buildConfigurations = (
				0479B7772372127F00DEE393 /* Debug */,
				0479B7782372127F00DEE393 /* Release */,
			);
			defaultConfigurationIsVisible = 0;
			defaultConfigurationName = Release;
		};
		0479B7792372127F00DEE393 /* Build configuration list for PBXNativeTarget "SPRandomUser" */ = {
			isa = XCConfigurationList;
			buildConfigurations = (
				0479B77A2372127F00DEE393 /* Debug */,
				0479B77B2372127F00DEE393 /* Release */,
			);
			defaultConfigurationIsVisible = 0;
			defaultConfigurationName = Release;
		};
/* End XCConfigurationList section */
	};
	rootObject = 0479B75F2372127D00DEE393 /* Project object */;
}
